
Microsoft Visual Studio Solution File, Format Version 12.00
# Visual Studio 15
VisualStudioVersion = 15.0.26430.13
MinimumVisualStudioVersion = 10.0.40219.1
Project("{FAE04EC0-301F-11D3-BF4B-00C04F79EFBC}") = "OrleansDashboard", "OrleansDashboard\OrleansDashboard.csproj", "{D10D584C-93F0-45C7-AB85-F8461CA91282}"
EndProject
Project("{FAE04EC0-301F-11D3-BF4B-00C04F79EFBC}") = "TestGrains", "TestGrains\TestGrains.csproj", "{2AF80447-CF9D-46ED-8468-A2A4BBA76776}"
EndProject
Project("{FAE04EC0-301F-11D3-BF4B-00C04F79EFBC}") = "TestHost", "TestHost\TestHost.csproj", "{7F2CD09F-E395-44E9-88F4-7F66EE1BFD7C}"
EndProject
Project("{FAE04EC0-301F-11D3-BF4B-00C04F79EFBC}") = "PerformanceTests", "PerformanceTests\PerformanceTests.csproj", "{3949D01E-E3FC-4E9D-BC0C-4408AA94BE17}"
EndProject
Project("{FAE04EC0-301F-11D3-BF4B-00C04F79EFBC}") = "UnitTests", "UnitTests\UnitTests.csproj", "{B5AEAD1C-3AC9-47F6-BD01-829D8675EA2F}"
EndProject
Global
	GlobalSection(SolutionConfigurationPlatforms) = preSolution
		Debug|Any CPU = Debug|Any CPU
		Release|Any CPU = Release|Any CPU
	EndGlobalSection
	GlobalSection(ProjectConfigurationPlatforms) = postSolution
		{D10D584C-93F0-45C7-AB85-F8461CA91282}.Debug|Any CPU.ActiveCfg = Debug|Any CPU
		{D10D584C-93F0-45C7-AB85-F8461CA91282}.Debug|Any CPU.Build.0 = Debug|Any CPU
		{D10D584C-93F0-45C7-AB85-F8461CA91282}.Release|Any CPU.ActiveCfg = Release|Any CPU
		{D10D584C-93F0-45C7-AB85-F8461CA91282}.Release|Any CPU.Build.0 = Release|Any CPU
		{2AF80447-CF9D-46ED-8468-A2A4BBA76776}.Debug|Any CPU.ActiveCfg = Debug|Any CPU
		{2AF80447-CF9D-46ED-8468-A2A4BBA76776}.Debug|Any CPU.Build.0 = Debug|Any CPU
		{2AF80447-CF9D-46ED-8468-A2A4BBA76776}.Release|Any CPU.ActiveCfg = Release|Any CPU
		{2AF80447-CF9D-46ED-8468-A2A4BBA76776}.Release|Any CPU.Build.0 = Release|Any CPU
		{7F2CD09F-E395-44E9-88F4-7F66EE1BFD7C}.Debug|Any CPU.ActiveCfg = Debug|Any CPU
		{7F2CD09F-E395-44E9-88F4-7F66EE1BFD7C}.Debug|Any CPU.Build.0 = Debug|Any CPU
		{7F2CD09F-E395-44E9-88F4-7F66EE1BFD7C}.Release|Any CPU.ActiveCfg = Release|Any CPU
		{7F2CD09F-E395-44E9-88F4-7F66EE1BFD7C}.Release|Any CPU.Build.0 = Release|Any CPU
		{3949D01E-E3FC-4E9D-BC0C-4408AA94BE17}.Debug|Any CPU.ActiveCfg = Debug|Any CPU
		{3949D01E-E3FC-4E9D-BC0C-4408AA94BE17}.Debug|Any CPU.Build.0 = Debug|Any CPU
		{3949D01E-E3FC-4E9D-BC0C-4408AA94BE17}.Release|Any CPU.ActiveCfg = Release|Any CPU
		{3949D01E-E3FC-4E9D-BC0C-4408AA94BE17}.Release|Any CPU.Build.0 = Release|Any CPU
		{B5AEAD1C-3AC9-47F6-BD01-829D8675EA2F}.Debug|Any CPU.ActiveCfg = Debug|Any CPU
		{B5AEAD1C-3AC9-47F6-BD01-829D8675EA2F}.Debug|Any CPU.Build.0 = Debug|Any CPU
		{B5AEAD1C-3AC9-47F6-BD01-829D8675EA2F}.Release|Any CPU.ActiveCfg = Release|Any CPU
		{B5AEAD1C-3AC9-47F6-BD01-829D8675EA2F}.Release|Any CPU.Build.0 = Release|Any CPU
	EndGlobalSection
	GlobalSection(SolutionProperties) = preSolution
		HideSolutionNode = FALSE
	EndGlobalSection
EndGlobal
