
Microsoft Visual Studio Solution File, Format Version 12.00
# Visual Studio Version 16
VisualStudioVersion = 16.0.28711.60
MinimumVisualStudioVersion = 10.0.40219.1
Project("{9A19103F-16F7-4668-BE54-9A1E7A4F7556}") = "OrleansDashboard", "src\OrleansDashboard\OrleansDashboard.csproj", "{D10D584C-93F0-45C7-AB85-F8461CA91282}"
EndProject
Project("{9A19103F-16F7-4668-BE54-9A1E7A4F7556}") = "TestHost", "samples\TestHost\TestHost.csproj", "{7F2CD09F-E395-44E9-88F4-7F66EE1BFD7C}"
EndProject
Project("{9A19103F-16F7-4668-BE54-9A1E7A4F7556}") = "PerformanceTests", "test\PerformanceTests\PerformanceTests.csproj", "{3949D01E-E3FC-4E9D-BC0C-4408AA94BE17}"
EndProject
Project("{9A19103F-16F7-4668-BE54-9A1E7A4F7556}") = "UnitTests", "test\UnitTests\UnitTests.csproj", "{B5AEAD1C-3AC9-47F6-BD01-829D8675EA2F}"
EndProject
Project("{9A19103F-16F7-4668-BE54-9A1E7A4F7556}") = "TestHostSeparate", "samples\TestHostSeparate\TestHostSeparate.csproj", "{21E13CC2-0531-4FCF-821D-76DCD86ECB0D}"
EndProject
Project("{2150E333-8FDC-42A3-9474-1A3956D46DE8}") = "Solution items", "Solution items", "{E881064C-81AE-4C23-9CE0-1B5072C648F4}"
	ProjectSection(SolutionItems) = preProject
		Directory.Build.props = Directory.Build.props
	EndProjectSection
EndProject
Project("{9A19103F-16F7-4668-BE54-9A1E7A4F7556}") = "TestHostCohosted", "samples\TestHostCohosted\TestHostCohosted.csproj", "{0E9B51E6-D67E-4FBB-8F03-5837102D8CA2}"
EndProject
Project("{9A19103F-16F7-4668-BE54-9A1E7A4F7556}") = "TestHostCohosted2", "samples\TestHostCohosted2\TestHostCohosted2.csproj", "{CB1DBCBB-BF40-4A47-B16C-BC93FC22D771}"
EndProject
Project("{9A19103F-16F7-4668-BE54-9A1E7A4F7556}") = "OrleansDashboard.Collect", "src\OrleansDashboard.Collect\OrleansDashboard.Collect.csproj", "{CA878B19-4110-44D0-844B-D7FBF0932E0B}"
EndProject
Project("{2150E333-8FDC-42A3-9474-1A3956D46DE8}") = "src", "src", "{A4744E83-93FE-4BF0-8D51-2352D3DF9298}"
EndProject
Project("{2150E333-8FDC-42A3-9474-1A3956D46DE8}") = "test", "test", "{06EBF376-B796-4161-82F5-AB7B9B7E5DAA}"
EndProject
Project("{2150E333-8FDC-42A3-9474-1A3956D46DE8}") = "samples", "samples", "{F08E20DC-461A-4B70-A3DA-BD31048B22A7}"
EndProject
Project("{9A19103F-16F7-4668-BE54-9A1E7A4F7556}") = "TestGrains", "samples\TestGrains\TestGrains.csproj", "{4D956C1B-360B-418F-9734-2EFF1A336B08}"
EndProject
Global
	GlobalSection(SolutionConfigurationPlatforms) = preSolution
		Debug|Any CPU = Debug|Any CPU
		Release|Any CPU = Release|Any CPU
	EndGlobalSection
	GlobalSection(ProjectConfigurationPlatforms) = postSolution
		{D10D584C-93F0-45C7-AB85-F8461CA91282}.Debug|Any CPU.ActiveCfg = Debug|Any CPU
		{D10D584C-93F0-45C7-AB85-F8461CA91282}.Debug|Any CPU.Build.0 = Debug|Any CPU
		{D10D584C-93F0-45C7-AB85-F8461CA91282}.Release|Any CPU.ActiveCfg = Release|Any CPU
		{D10D584C-93F0-45C7-AB85-F8461CA91282}.Release|Any CPU.Build.0 = Release|Any CPU
		{7F2CD09F-E395-44E9-88F4-7F66EE1BFD7C}.Debug|Any CPU.ActiveCfg = Debug|Any CPU
		{7F2CD09F-E395-44E9-88F4-7F66EE1BFD7C}.Debug|Any CPU.Build.0 = Debug|Any CPU
		{7F2CD09F-E395-44E9-88F4-7F66EE1BFD7C}.Release|Any CPU.ActiveCfg = Release|Any CPU
		{7F2CD09F-E395-44E9-88F4-7F66EE1BFD7C}.Release|Any CPU.Build.0 = Release|Any CPU
		{3949D01E-E3FC-4E9D-BC0C-4408AA94BE17}.Debug|Any CPU.ActiveCfg = Debug|Any CPU
		{3949D01E-E3FC-4E9D-BC0C-4408AA94BE17}.Debug|Any CPU.Build.0 = Debug|Any CPU
		{3949D01E-E3FC-4E9D-BC0C-4408AA94BE17}.Release|Any CPU.ActiveCfg = Release|Any CPU
		{3949D01E-E3FC-4E9D-BC0C-4408AA94BE17}.Release|Any CPU.Build.0 = Release|Any CPU
		{B5AEAD1C-3AC9-47F6-BD01-829D8675EA2F}.Debug|Any CPU.ActiveCfg = Debug|Any CPU
		{B5AEAD1C-3AC9-47F6-BD01-829D8675EA2F}.Debug|Any CPU.Build.0 = Debug|Any CPU
		{B5AEAD1C-3AC9-47F6-BD01-829D8675EA2F}.Release|Any CPU.ActiveCfg = Release|Any CPU
		{B5AEAD1C-3AC9-47F6-BD01-829D8675EA2F}.Release|Any CPU.Build.0 = Release|Any CPU
		{21E13CC2-0531-4FCF-821D-76DCD86ECB0D}.Debug|Any CPU.ActiveCfg = Debug|Any CPU
		{21E13CC2-0531-4FCF-821D-76DCD86ECB0D}.Debug|Any CPU.Build.0 = Debug|Any CPU
		{21E13CC2-0531-4FCF-821D-76DCD86ECB0D}.Release|Any CPU.ActiveCfg = Release|Any CPU
		{21E13CC2-0531-4FCF-821D-76DCD86ECB0D}.Release|Any CPU.Build.0 = Release|Any CPU
		{0E9B51E6-D67E-4FBB-8F03-5837102D8CA2}.Debug|Any CPU.ActiveCfg = Debug|Any CPU
		{0E9B51E6-D67E-4FBB-8F03-5837102D8CA2}.Debug|Any CPU.Build.0 = Debug|Any CPU
		{0E9B51E6-D67E-4FBB-8F03-5837102D8CA2}.Release|Any CPU.ActiveCfg = Release|Any CPU
		{0E9B51E6-D67E-4FBB-8F03-5837102D8CA2}.Release|Any CPU.Build.0 = Release|Any CPU
		{CB1DBCBB-BF40-4A47-B16C-BC93FC22D771}.Debug|Any CPU.ActiveCfg = Debug|Any CPU
		{CB1DBCBB-BF40-4A47-B16C-BC93FC22D771}.Debug|Any CPU.Build.0 = Debug|Any CPU
		{CB1DBCBB-BF40-4A47-B16C-BC93FC22D771}.Release|Any CPU.ActiveCfg = Release|Any CPU
		{CB1DBCBB-BF40-4A47-B16C-BC93FC22D771}.Release|Any CPU.Build.0 = Release|Any CPU
		{CA878B19-4110-44D0-844B-D7FBF0932E0B}.Debug|Any CPU.ActiveCfg = Debug|Any CPU
		{CA878B19-4110-44D0-844B-D7FBF0932E0B}.Debug|Any CPU.Build.0 = Debug|Any CPU
		{CA878B19-4110-44D0-844B-D7FBF0932E0B}.Release|Any CPU.ActiveCfg = Release|Any CPU
		{CA878B19-4110-44D0-844B-D7FBF0932E0B}.Release|Any CPU.Build.0 = Release|Any CPU
		{4D956C1B-360B-418F-9734-2EFF1A336B08}.Debug|Any CPU.ActiveCfg = Debug|Any CPU
		{4D956C1B-360B-418F-9734-2EFF1A336B08}.Debug|Any CPU.Build.0 = Debug|Any CPU
		{4D956C1B-360B-418F-9734-2EFF1A336B08}.Release|Any CPU.ActiveCfg = Release|Any CPU
		{4D956C1B-360B-418F-9734-2EFF1A336B08}.Release|Any CPU.Build.0 = Release|Any CPU
	EndGlobalSection
	GlobalSection(SolutionProperties) = preSolution
		HideSolutionNode = FALSE
	EndGlobalSection
	GlobalSection(NestedProjects) = preSolution
		{D10D584C-93F0-45C7-AB85-F8461CA91282} = {A4744E83-93FE-4BF0-8D51-2352D3DF9298}
		{7F2CD09F-E395-44E9-88F4-7F66EE1BFD7C} = {F08E20DC-461A-4B70-A3DA-BD31048B22A7}
		{3949D01E-E3FC-4E9D-BC0C-4408AA94BE17} = {06EBF376-B796-4161-82F5-AB7B9B7E5DAA}
		{B5AEAD1C-3AC9-47F6-BD01-829D8675EA2F} = {06EBF376-B796-4161-82F5-AB7B9B7E5DAA}
		{21E13CC2-0531-4FCF-821D-76DCD86ECB0D} = {F08E20DC-461A-4B70-A3DA-BD31048B22A7}
		{0E9B51E6-D67E-4FBB-8F03-5837102D8CA2} = {F08E20DC-461A-4B70-A3DA-BD31048B22A7}
		{CB1DBCBB-BF40-4A47-B16C-BC93FC22D771} = {F08E20DC-461A-4B70-A3DA-BD31048B22A7}
		{CA878B19-4110-44D0-844B-D7FBF0932E0B} = {A4744E83-93FE-4BF0-8D51-2352D3DF9298}
		{4D956C1B-360B-418F-9734-2EFF1A336B08} = {F08E20DC-461A-4B70-A3DA-BD31048B22A7}
	EndGlobalSection
	GlobalSection(ExtensibilityGlobals) = postSolution
		SolutionGuid = {228B9EA3-20C5-45A4-AEF3-BF6BBB6F9801}
	EndGlobalSection
EndGlobal
